
Microsoft Visual Studio Solution File, Format Version 12.00
# Visual Studio 15
VisualStudioVersion = 15.0.27703.2035
MinimumVisualStudioVersion = 10.0.40219.1
Project("{FAE04EC0-301F-11D3-BF4B-00C04F79EFBC}") = "LearningAboutFunction", "LearningAboutFunction\LearningAboutFunction.csproj", "{682C7EE1-8E75-4DE8-ADFA-7D264B466925}"
EndProject
Global
	GlobalSection(SolutionConfigurationPlatforms) = preSolution
		Debug|Any CPU = Debug|Any CPU
		Release|Any CPU = Release|Any CPU
	EndGlobalSection
	GlobalSection(ProjectConfigurationPlatforms) = postSolution
		{682C7EE1-8E75-4DE8-ADFA-7D264B466925}.Debug|Any CPU.ActiveCfg = Debug|Any CPU
		{682C7EE1-8E75-4DE8-ADFA-7D264B466925}.Debug|Any CPU.Build.0 = Debug|Any CPU
		{682C7EE1-8E75-4DE8-ADFA-7D264B466925}.Release|Any CPU.ActiveCfg = Release|Any CPU
		{682C7EE1-8E75-4DE8-ADFA-7D264B466925}.Release|Any CPU.Build.0 = Release|Any CPU
	EndGlobalSection
	GlobalSection(SolutionProperties) = preSolution
		HideSolutionNode = FALSE
	EndGlobalSection
	GlobalSection(ExtensibilityGlobals) = postSolution
		SolutionGuid = {6D00E50D-FDB2-4055-8AC5-B33B34EAFFA9}
	EndGlobalSection
EndGlobal
